{
  "nodes": {
    "auto-layout.yazi": {
      "flake": false,
      "locked": {
        "lastModified": 1753463750,
        "narHash": "sha256-xzV3Sp4QbA3N7UsuLN9vYdnnLfcwDPRfhxq+UAV7hRc=",
        "owner": "josephschmitt",
        "repo": "auto-layout.yazi",
        "rev": "c8a3d8dbab5a9307c2334ea5d7e00d2a29a1de97",
        "type": "github"
      },
      "original": {
        "owner": "josephschmitt",
        "repo": "auto-layout.yazi",
        "type": "github"
      }
    },
    "ctags-lsp": {
      "flake": false,
      "locked": {
        "lastModified": 1751285412,
        "narHash": "sha256-yueT8Q/mJTvQ3fqE4237E93W4ToEi0IzSus/xoto6vA=",
        "owner": "netmute",
        "repo": "ctags-lsp",
        "rev": "045e64094ed68ae38764a823218786465b3e99ba",
        "type": "github"
      },
      "original": {
        "owner": "netmute",
        "repo": "ctags-lsp",
        "type": "github"
      }
    },
    "flake-parts": {
      "inputs": {
        "nixpkgs-lib": "nixpkgs-lib"
      },
      "locked": {
        "lastModified": 1754091436,
        "narHash": "sha256-XKqDMN1/Qj1DKivQvscI4vmHfDfvYR2pfuFOJiCeewM=",
        "owner": "hercules-ci",
        "repo": "flake-parts",
        "rev": "67df8c627c2c39c41dbec76a1f201929929ab0bd",
        "type": "github"
      },
      "original": {
        "id": "flake-parts",
        "type": "indirect"
      }
    },
    "flake-utils": {
      "inputs": {
        "systems": "systems"
      },
      "locked": {
        "lastModified": 1731533236,
        "narHash": "sha256-l0KFg5HjrsfsO/JpG+r7fRrqm12kzFHyUHqHCVpMMbI=",
        "owner": "numtide",
        "repo": "flake-utils",
        "rev": "11707dc2f618dd54ca8739b309ec4fc024de578b",
        "type": "github"
      },
      "original": {
        "owner": "numtide",
        "repo": "flake-utils",
        "type": "github"
      }
    },
    "gdshader-lsp": {
      "flake": false,
      "locked": {
        "lastModified": 1754157100,
        "narHash": "sha256-TcL5o7mBxoTOL+QWbH+467nnzzDB8ev0BeLIw/h7FQQ=",
        "owner": "GodOfAvacyn",
        "repo": "gdshader-lsp",
        "rev": "b290b6793498ba1795b869a58a18eda2d22b8f3a",
        "type": "github"
      },
      "original": {
        "owner": "GodOfAvacyn",
        "repo": "gdshader-lsp",
        "type": "github"
      }
    },
    "helix": {
      "inputs": {
        "nixpkgs": [
          "nixpkgs"
        ],
        "rust-overlay": "rust-overlay"
      },
      "locked": {
        "lastModified": 1754257102,
        "narHash": "sha256-bR48LaaWIvrWRRoZ0qnYa7DK1DIssUklrQFm36OD5PA=",
        "owner": "helix-editor",
        "repo": "helix",
        "rev": "43990ed0c88a7e7d956364a5d11e25ad6cb0a29f",
        "type": "github"
      },
      "original": {
        "owner": "helix-editor",
        "repo": "helix",
        "type": "github"
      }
    },
    "naersk": {
      "inputs": {
        "nixpkgs": [
          "simple-completion-language-server",
          "nixpkgs"
        ]
      },
      "locked": {
        "lastModified": 1736429655,
        "narHash": "sha256-BwMekRuVlSB9C0QgwKMICiJ5EVbLGjfe4qyueyNQyGI=",
        "owner": "nix-community",
        "repo": "naersk",
        "rev": "0621e47bd95542b8e1ce2ee2d65d6a1f887a13ce",
        "type": "github"
      },
      "original": {
        "owner": "nix-community",
        "ref": "master",
        "repo": "naersk",
        "type": "github"
      }
    },
    "nil": {
      "inputs": {
        "nixpkgs": [
          "nixpkgs"
        ]
      },
      "locked": {
        "lastModified": 1753661392,
        "narHash": "sha256-fK4INnIJQNAA8cyjcDRZSPleA+N/STI6I0oBDMZ2r+E=",
        "owner": "oxalica",
        "repo": "nil",
        "rev": "cd7a6f6d5dc58484e62a8e85677e06e47cf2bd4d",
        "type": "github"
      },
      "original": {
        "owner": "oxalica",
        "repo": "nil",
        "type": "github"
      }
    },
    "nixpkgs": {
      "locked": {
        "lastModified": 1754292888,
        "narHash": "sha256-1ziydHSiDuSnaiPzCQh1mRFBsM2d2yRX9I+5OPGEmIE=",
        "owner": "NixOS",
        "repo": "nixpkgs",
        "rev": "ce01daebf8489ba97bd1609d185ea276efdeb121",
        "type": "github"
      },
      "original": {
        "owner": "NixOS",
        "ref": "nixos-25.05",
        "repo": "nixpkgs",
        "type": "github"
      }
    },
    "nixpkgs-lib": {
      "locked": {
        "lastModified": 1753579242,
        "narHash": "sha256-zvaMGVn14/Zz8hnp4VWT9xVnhc8vuL3TStRqwk22biA=",
        "owner": "nix-community",
        "repo": "nixpkgs.lib",
        "rev": "0f36c44e01a6129be94e3ade315a5883f0228a6e",
        "type": "github"
      },
      "original": {
        "owner": "nix-community",
        "repo": "nixpkgs.lib",
        "type": "github"
      }
    },
    "root": {
      "inputs": {
        "auto-layout.yazi": "auto-layout.yazi",
        "ctags-lsp": "ctags-lsp",
        "flake-parts": "flake-parts",
        "gdshader-lsp": "gdshader-lsp",
        "helix": "helix",
        "nil": "nil",
        "nixpkgs": "nixpkgs",
        "simple-completion-language-server": "simple-completion-language-server",
        "zeco": "zeco"
      }
    },
    "rust-overlay": {
      "inputs": {
        "nixpkgs": [
          "helix",
          "nixpkgs"
        ]
      },
      "locked": {
        "lastModified": 1740623427,
        "narHash": "sha256-3SdPQrZoa4odlScFDUHd4CUPQ/R1gtH4Mq9u8CBiK8M=",
        "owner": "oxalica",
        "repo": "rust-overlay",
        "rev": "d342e8b5fd88421ff982f383c853f0fc78a847ab",
        "type": "github"
      },
      "original": {
        "owner": "oxalica",
        "repo": "rust-overlay",
        "type": "github"
      }
    },
    "simple-completion-language-server": {
      "inputs": {
        "flake-utils": "flake-utils",
        "naersk": "naersk",
        "nixpkgs": [
          "nixpkgs"
        ]
      },
      "locked": {
        "lastModified": 1753768225,
        "narHash": "sha256-TiVzgwsP1KZxTxW71eQyp1bkDnyTaMJdBYmkdvl1RX0=",
        "owner": "estin",
        "repo": "simple-completion-language-server",
        "rev": "cc57b08ebc68805266beacb512a453e16f86bf17",
        "type": "github"
      },
      "original": {
        "owner": "estin",
        "repo": "simple-completion-language-server",
        "type": "github"
      }
    },
    "systems": {
      "locked": {
        "lastModified": 1681028828,
        "narHash": "sha256-Vy1rq5AaRuLzOxct8nz4T6wlgyUR7zLU309k9mBC768=",
        "owner": "nix-systems",
        "repo": "default",
        "rev": "da67096a3b9bf56a91d16901293e51ba5b49a27e",
        "type": "github"
      },
      "original": {
        "owner": "nix-systems",
        "repo": "default",
        "type": "github"
      }
    },
    "zeco": {
      "flake": false,
      "locked": {
        "lastModified": 1752436185,
        "narHash": "sha256-tE0vpiB9eL8FxRkItZZD+11blX4fN90NxliF15inbpM=",
        "owner": "julianbuettner",
        "repo": "zeco",
        "rev": "9eb7662aa5a6d8730dfc69303b10df3ce1547b68",
        "type": "github"
      },
      "original": {
        "owner": "julianbuettner",
        "repo": "zeco",
        "type": "github"
      }
    }
  },
  "root": "root",
  "version": 7
}
